
Microsoft Visual Studio Solution File, Format Version 12.00
# Visual Studio Version 16
VisualStudioVersion = 16.0.31702.278
MinimumVisualStudioVersion = 10.0.40219.1
Project("{FAE04EC0-301F-11D3-BF4B-00C04F79EFBC}") = "ArrayConcept", "ArrayConcept\ArrayConcept.csproj", "{E372D9EC-748F-4663-86B7-9DBB061C6D83}"
EndProject
Global
	GlobalSection(SolutionConfigurationPlatforms) = preSolution
		Debug|Any CPU = Debug|Any CPU
		Release|Any CPU = Release|Any CPU
	EndGlobalSection
	GlobalSection(ProjectConfigurationPlatforms) = postSolution
		{E372D9EC-748F-4663-86B7-9DBB061C6D83}.Debug|Any CPU.ActiveCfg = Debug|Any CPU
		{E372D9EC-748F-4663-86B7-9DBB061C6D83}.Debug|Any CPU.Build.0 = Debug|Any CPU
		{E372D9EC-748F-4663-86B7-9DBB061C6D83}.Release|Any CPU.ActiveCfg = Release|Any CPU
		{E372D9EC-748F-4663-86B7-9DBB061C6D83}.Release|Any CPU.Build.0 = Release|Any CPU
	EndGlobalSection
	GlobalSection(SolutionProperties) = preSolution
		HideSolutionNode = FALSE
	EndGlobalSection
	GlobalSection(ExtensibilityGlobals) = postSolution
		SolutionGuid = {96EAEE23-E266-442A-BE62-D9BA7667836E}
	EndGlobalSection
EndGlobal
